{
    "name": "welpodron.feedback",
    "version": "2.1.0",
    "lockfileVersion": 3,
    "requires": true,
    "packages": {
        "": {
            "name": "welpodron.feedback",
            "version": "2.1.0",
            "license": "MIT",
            "dependencies": {
                "welpodron.core": "^2.1.1"
            }
        },
        "node_modules/welpodron.core": {
            "version": "2.1.1",
            "resolved": "https://registry.npmjs.org/welpodron.core/-/welpodron.core-2.1.1.tgz",
            "integrity": "sha512-eTZBPcYohqeeJ4s0QjVf6Am6RSI/wJCPUFfIf+2KEXp+rErMD8vSvG5lsODx80Tx5v1665lenSWVnfLPCqXGLQ=="
        }
    }
}
